
Microsoft Visual Studio Solution File, Format Version 12.00
# Visual Studio Version 17
VisualStudioVersion = 17.6.33829.357
MinimumVisualStudioVersion = 10.0.40219.1
Project("{9A19103F-16F7-4668-BE54-9A1E7A4F7556}") = "FrestyEcommerce.Server", "FrestyEcommerce\Server\FrestyEcommerce.Server.csproj", "{7CDE2975-7594-4E0F-BF6E-D30689B3C642}"
EndProject
Project("{9A19103F-16F7-4668-BE54-9A1E7A4F7556}") = "FrestyEcommerce.Client", "FrestyEcommerce\Client\FrestyEcommerce.Client.csproj", "{4DBFD77E-BFD9-47E9-9DB8-7F9203411DAA}"
EndProject
Project("{9A19103F-16F7-4668-BE54-9A1E7A4F7556}") = "FrestyEcommerce.Shared", "FrestyEcommerce\Shared\FrestyEcommerce.Shared.csproj", "{5FDCCB98-8C14-49E6-9521-57E32D31EB04}"
EndProject
Global
	GlobalSection(SolutionConfigurationPlatforms) = preSolution
		Debug|Any CPU = Debug|Any CPU
		Release|Any CPU = Release|Any CPU
	EndGlobalSection
	GlobalSection(ProjectConfigurationPlatforms) = postSolution
		{7CDE2975-7594-4E0F-BF6E-D30689B3C642}.Debug|Any CPU.ActiveCfg = Debug|Any CPU
		{7CDE2975-7594-4E0F-BF6E-D30689B3C642}.Debug|Any CPU.Build.0 = Debug|Any CPU
		{7CDE2975-7594-4E0F-BF6E-D30689B3C642}.Release|Any CPU.ActiveCfg = Release|Any CPU
		{7CDE2975-7594-4E0F-BF6E-D30689B3C642}.Release|Any CPU.Build.0 = Release|Any CPU
		{4DBFD77E-BFD9-47E9-9DB8-7F9203411DAA}.Debug|Any CPU.ActiveCfg = Debug|Any CPU
		{4DBFD77E-BFD9-47E9-9DB8-7F9203411DAA}.Debug|Any CPU.Build.0 = Debug|Any CPU
		{4DBFD77E-BFD9-47E9-9DB8-7F9203411DAA}.Release|Any CPU.ActiveCfg = Release|Any CPU
		{4DBFD77E-BFD9-47E9-9DB8-7F9203411DAA}.Release|Any CPU.Build.0 = Release|Any CPU
		{5FDCCB98-8C14-49E6-9521-57E32D31EB04}.Debug|Any CPU.ActiveCfg = Debug|Any CPU
		{5FDCCB98-8C14-49E6-9521-57E32D31EB04}.Debug|Any CPU.Build.0 = Debug|Any CPU
		{5FDCCB98-8C14-49E6-9521-57E32D31EB04}.Release|Any CPU.ActiveCfg = Release|Any CPU
		{5FDCCB98-8C14-49E6-9521-57E32D31EB04}.Release|Any CPU.Build.0 = Release|Any CPU
	EndGlobalSection
	GlobalSection(SolutionProperties) = preSolution
		HideSolutionNode = FALSE
	EndGlobalSection
	GlobalSection(ExtensibilityGlobals) = postSolution
		SolutionGuid = {E4C39080-5D89-4952-B6B4-F37A5823329B}
	EndGlobalSection
EndGlobal
